
Microsoft Visual Studio Solution File, Format Version 12.00
# Visual Studio 15
VisualStudioVersion = 15.0.28010.2026
MinimumVisualStudioVersion = 10.0.40219.1
Project("{F184B08F-C81C-45F6-A57F-5ABD9991F28F}") = "PSRCEditingTools", "PSRCEditingTools.vbproj", "{0105E646-5A66-4FC5-924B-19275B8992F4}"
EndProject
Global
	GlobalSection(SolutionConfigurationPlatforms) = preSolution
		Debug|Any CPU = Debug|Any CPU
		Release|Any CPU = Release|Any CPU
	EndGlobalSection
	GlobalSection(ProjectConfigurationPlatforms) = postSolution
		{0105E646-5A66-4FC5-924B-19275B8992F4}.Debug|Any CPU.ActiveCfg = Debug|Any CPU
		{0105E646-5A66-4FC5-924B-19275B8992F4}.Debug|Any CPU.Build.0 = Debug|Any CPU
		{0105E646-5A66-4FC5-924B-19275B8992F4}.Release|Any CPU.ActiveCfg = Release|Any CPU
		{0105E646-5A66-4FC5-924B-19275B8992F4}.Release|Any CPU.Build.0 = Release|Any CPU
	EndGlobalSection
	GlobalSection(SolutionProperties) = preSolution
		HideSolutionNode = FALSE
	EndGlobalSection
	GlobalSection(ExtensibilityGlobals) = postSolution
		SolutionGuid = {A2DEE0BC-B63A-44C3-A55B-AE4D8CE8A656}
	EndGlobalSection
EndGlobal
